<?xml version="1.0" encoding="utf-8"?>
<Project ToolsVersion="4.0" xmlns="http://schemas.microsoft.com/developer/msbuild/2003">
  <ItemGroup>
    <ClCompile Include="main.cpp" />
    <ClCompile Include="wwf.cpp" />
    <ClCompile Include="ttfcsow.cpp" />
    <ClCompile Include="picture.cpp" />
    <ClCompile Include="hero.cpp" />
  </ItemGroup>
  <ItemGroup>
    <ClInclude Include="wwf.h" />
    <ClInclude Include="ttfcsow.h" />
    <ClInclude Include="picture.h" />
    <ClInclude Include="hero.h" />
  </ItemGroup>
</Project>